{
  "version": 4,
  "terraform_version": "0.13.5",
  "serial": 9,
  "lineage": "c4b213a2-c57b-99c2-2fc4-9c7756186b64",
  "outputs": {},
  "resources": [
    {
      "mode": "managed",
      "type": "aws_iam_group",
      "name": "group_1",
      "provider": "provider[\"registry.terraform.io/hashicorp/aws\"]",
      "instances": [
        {
          "schema_version": 0,
          "attributes": {
            "arn": "arn:aws:iam::248250821541:group/group_1",
            "id": "group_1",
            "name": "group_1",
            "path": "/",
            "unique_id": "AGPATTTHG5OS64U3NEO5Q"
          },
          "private": "bnVsbA=="
        }
      ]
    },
    {
      "mode": "managed",
      "type": "aws_iam_group_membership",
      "name": "admin_users",
      "provider": "provider[\"registry.terraform.io/hashicorp/aws\"]",
      "instances": [
        {
          "schema_version": 0,
          "attributes": {
            "group": "group_1",
            "id": "membership_1",
            "name": "membership_1",
            "users": [
              "user_1"
            ]
          },
          "private": "bnVsbA==",
          "dependencies": [
            "aws_iam_group.group_1",
            "aws_iam_user.user_1"
          ]
        }
      ]
    },
    {
      "mode": "managed",
      "type": "aws_iam_policy_attachment",
      "name": "attachment_1",
      "provider": "provider[\"registry.terraform.io/hashicorp/aws\"]",
      "instances": [
        {
          "schema_version": 0,
          "attributes": {
            "groups": [
              "group_1"
            ],
            "id": "attachment_1",
            "name": "attachment_1",
            "policy_arn": "arn:aws:iam::aws:policy/AdministratorAccess",
            "roles": [],
            "users": []
          },
          "private": "bnVsbA==",
          "dependencies": [
            "aws_iam_group.group_1"
          ]
        }
      ]
    },
    {
      "mode": "managed",
      "type": "aws_iam_user",
      "name": "user_1",
      "provider": "provider[\"registry.terraform.io/hashicorp/aws\"]",
      "instances": [
        {
          "schema_version": 0,
          "attributes": {
            "arn": "arn:aws:iam::248250821541:user/user_1",
            "force_destroy": false,
            "id": "user_1",
            "name": "user_1",
            "path": "/",
            "permissions_boundary": null,
            "tags": {},
            "unique_id": "AIDATTTHG5OS7UOIAFO2M"
          },
          "private": "bnVsbA=="
        }
      ]
    },
    {
      "mode": "managed",
      "type": "aws_iam_user",
      "name": "user_2",
      "provider": "provider[\"registry.terraform.io/hashicorp/aws\"]",
      "instances": [
        {
          "schema_version": 0,
          "attributes": {
            "arn": "arn:aws:iam::248250821541:user/user_2",
            "force_destroy": false,
            "id": "user_2",
            "name": "user_2",
            "path": "/",
            "permissions_boundary": null,
            "tags": {},
            "unique_id": "AIDATTTHG5OSV4HGDJCYH"
          },
          "private": "bnVsbA=="
        }
      ]
    }
  ]
}
